
Microsoft Visual Studio Solution File, Format Version 12.00
# Visual Studio 15
VisualStudioVersion = 15.0.27130.2026
MinimumVisualStudioVersion = 10.0.40219.1
Project("{FAE04EC0-301F-11D3-BF4B-00C04F79EFBC}") = "03. Rage Quit", "03. Rage Quit.csproj", "{109540ED-2F65-469F-AE45-A81D969DD74E}"
EndProject
Global
	GlobalSection(SolutionConfigurationPlatforms) = preSolution
		Debug|Any CPU = Debug|Any CPU
		Release|Any CPU = Release|Any CPU
	EndGlobalSection
	GlobalSection(ProjectConfigurationPlatforms) = postSolution
		{109540ED-2F65-469F-AE45-A81D969DD74E}.Debug|Any CPU.ActiveCfg = Debug|Any CPU
		{109540ED-2F65-469F-AE45-A81D969DD74E}.Debug|Any CPU.Build.0 = Debug|Any CPU
		{109540ED-2F65-469F-AE45-A81D969DD74E}.Release|Any CPU.ActiveCfg = Release|Any CPU
		{109540ED-2F65-469F-AE45-A81D969DD74E}.Release|Any CPU.Build.0 = Release|Any CPU
	EndGlobalSection
	GlobalSection(SolutionProperties) = preSolution
		HideSolutionNode = FALSE
	EndGlobalSection
	GlobalSection(ExtensibilityGlobals) = postSolution
		SolutionGuid = {5BFF6E94-89D0-4714-9635-79562F096D39}
	EndGlobalSection
EndGlobal
