
Microsoft Visual Studio Solution File, Format Version 12.00
# Visual Studio 15
VisualStudioVersion = 15.0.27130.2026
MinimumVisualStudioVersion = 10.0.40219.1
Project("{FAE04EC0-301F-11D3-BF4B-00C04F79EFBC}") = "Search_number", "Search_number\Search_number.csproj", "{A8154ECD-FD5D-4D9F-A240-19AF3987A868}"
EndProject
Global
	GlobalSection(SolutionConfigurationPlatforms) = preSolution
		Debug|Any CPU = Debug|Any CPU
		Release|Any CPU = Release|Any CPU
	EndGlobalSection
	GlobalSection(ProjectConfigurationPlatforms) = postSolution
		{A8154ECD-FD5D-4D9F-A240-19AF3987A868}.Debug|Any CPU.ActiveCfg = Debug|Any CPU
		{A8154ECD-FD5D-4D9F-A240-19AF3987A868}.Debug|Any CPU.Build.0 = Debug|Any CPU
		{A8154ECD-FD5D-4D9F-A240-19AF3987A868}.Release|Any CPU.ActiveCfg = Release|Any CPU
		{A8154ECD-FD5D-4D9F-A240-19AF3987A868}.Release|Any CPU.Build.0 = Release|Any CPU
	EndGlobalSection
	GlobalSection(SolutionProperties) = preSolution
		HideSolutionNode = FALSE
	EndGlobalSection
	GlobalSection(ExtensibilityGlobals) = postSolution
		SolutionGuid = {3733E2B5-BF65-4F7E-9F90-6DDAEDA329AC}
	EndGlobalSection
EndGlobal
